<?xml version="1.0" encoding="utf-8"?>
<Project ToolsVersion="4.0" xmlns="http://schemas.microsoft.com/developer/msbuild/2003">
  <ItemGroup>
    <Filter Include="Source Files">
      <UniqueIdentifier>{4FC737F1-C7A5-4376-A066-2A32D752A2FF}</UniqueIdentifier>
      <Extensions>cpp;c;cc;cxx;def;odl;idl;hpj;bat;asm;asmx</Extensions>
    </Filter>
    <Filter Include="Header Files">
      <UniqueIdentifier>{93995380-89BD-4b04-88EB-625FBE52EBFB}</UniqueIdentifier>
      <Extensions>h;hh;hpp;hxx;hm;inl;inc;ipp;xsd</Extensions>
    </Filter>
    <Filter Include="Resource Files">
      <UniqueIdentifier>{67DA6AB6-F800-4c08-8B7A-83BB121AAD01}</UniqueIdentifier>
      <Extensions>rc;ico;cur;bmp;dlg;rc2;rct;bin;rgs;gif;jpg;jpeg;jpe;resx;tiff;tif;png;wav;mfcribbon-ms</Extensions>
    </Filter>
    <Filter Include="Source Files\Pieces">
      <UniqueIdentifier>{d20121c3-68ce-471d-a3a7-c0ba26d29375}</UniqueIdentifier>
    </Filter>
    <Filter Include="Header Files\Pieces">
      <UniqueIdentifier>{b5cdfc19-42fd-4d15-b412-bcb49255a79f}</UniqueIdentifier>
    </Filter>
    <Filter Include="Source Files\Events">
      <UniqueIdentifier>{765c649a-7da5-4721-a189-448329a64d9e}</UniqueIdentifier>
    </Filter>
    <Filter Include="Header Files\Events">
      <UniqueIdentifier>{348c9029-0bc4-4354-b634-ab86dc1e89af}</UniqueIdentifier>
    </Filter>
    <Filter Include="Header Files\Utils">
      <UniqueIdentifier>{ee28a2e7-aab3-4f66-8d13-f16c91b11a5f}</UniqueIdentifier>
    </Filter>
    <Filter Include="Source Files\Utils">
      <UniqueIdentifier>{69fd4ea8-7677-4932-8421-cf73769ffc60}</UniqueIdentifier>
    </Filter>
  </ItemGroup>
  <ItemGroup>
    <ClCompile Include="Board.cpp">
      <Filter>Source Files</Filter>
    </ClCompile>
    <ClCompile Include="Game.cpp">
      <Filter>Source Files</Filter>
    </ClCompile>
    <ClCompile Include="MainWindow.cpp">
      <Filter>Source Files</Filter>
    </ClCompile>
    <ClCompile Include="Tile.cpp">
      <Filter>Source Files</Filter>
    </ClCompile>
    <ClCompile Include="MoveInfo.cpp">
      <Filter>Source Files</Filter>
    </ClCompile>
    <ClCompile Include="ChessEngine.cpp">
      <Filter>Source Files</Filter>
    </ClCompile>
    <ClCompile Include="BishopMovement.cpp">
      <Filter>Source Files\Pieces</Filter>
    </ClCompile>
    <ClCompile Include="KingMovement.cpp">
      <Filter>Source Files\Pieces</Filter>
    </ClCompile>
    <ClCompile Include="KnightMovement.cpp">
      <Filter>Source Files\Pieces</Filter>
    </ClCompile>
    <ClCompile Include="PawnMovement.cpp">
      <Filter>Source Files\Pieces</Filter>
    </ClCompile>
    <ClCompile Include="Piece.cpp">
      <Filter>Source Files\Pieces</Filter>
    </ClCompile>
    <ClCompile Include="PieceMovementStrategy.cpp">
      <Filter>Source Files\Pieces</Filter>
    </ClCompile>
    <ClCompile Include="QueenMovement.cpp">
      <Filter>Source Files\Pieces</Filter>
    </ClCompile>
    <ClCompile Include="RookMovement.cpp">
      <Filter>Source Files\Pieces</Filter>
    </ClCompile>
    <ClCompile Include="main.cpp" />
    <ClCompile Include="Event.cpp">
      <Filter>Source Files\Events</Filter>
    </ClCompile>
    <ClCompile Include="Listener.cpp">
      <Filter>Source Files\Events</Filter>
    </ClCompile>
    <ClCompile Include="EventSystem.cpp">
      <Filter>Source Files\Events</Filter>
    </ClCompile>
    <ClCompile Include="EventSender.cpp">
      <Filter>Source Files\Events</Filter>
    </ClCompile>
    <ClCompile Include="Sprite.cpp">
      <Filter>Source Files\Utils</Filter>
    </ClCompile>
    <ClCompile Include="Resources.cpp">
      <Filter>Source Files\Utils</Filter>
    </ClCompile>
  </ItemGroup>
  <ItemGroup>
    <ClInclude Include="Board.h">
      <Filter>Header Files</Filter>
    </ClInclude>
    <ClInclude Include="Game.h">
      <Filter>Header Files</Filter>
    </ClInclude>
    <ClInclude Include="MainWindow.h">
      <Filter>Header Files</Filter>
    </ClInclude>
    <ClInclude Include="Tile.h">
      <Filter>Header Files</Filter>
    </ClInclude>
    <ClInclude Include="MoveInfo.h">
      <Filter>Header Files</Filter>
    </ClInclude>
    <ClInclude Include="ChessEngine.h">
      <Filter>Header Files</Filter>
    </ClInclude>
    <ClInclude Include="BishopMovement.h">
      <Filter>Header Files\Pieces</Filter>
    </ClInclude>
    <ClInclude Include="Piece.h">
      <Filter>Header Files\Pieces</Filter>
    </ClInclude>
    <ClInclude Include="KingMovement.h">
      <Filter>Header Files\Pieces</Filter>
    </ClInclude>
    <ClInclude Include="PawnMovement.h">
      <Filter>Header Files\Pieces</Filter>
    </ClInclude>
    <ClInclude Include="KnightMovement.h">
      <Filter>Header Files\Pieces</Filter>
    </ClInclude>
    <ClInclude Include="PieceMovementStrategy.h">
      <Filter>Header Files\Pieces</Filter>
    </ClInclude>
    <ClInclude Include="QueenMovement.h">
      <Filter>Header Files\Pieces</Filter>
    </ClInclude>
    <ClInclude Include="RookMovement.h">
      <Filter>Header Files\Pieces</Filter>
    </ClInclude>
    <ClInclude Include="Event.h">
      <Filter>Header Files\Events</Filter>
    </ClInclude>
    <ClInclude Include="Events.h">
      <Filter>Header Files\Events</Filter>
    </ClInclude>
    <ClInclude Include="EventSender.h">
      <Filter>Header Files\Events</Filter>
    </ClInclude>
    <ClInclude Include="EventSystem.h">
      <Filter>Header Files\Events</Filter>
    </ClInclude>
    <ClInclude Include="Listener.h">
      <Filter>Header Files\Events</Filter>
    </ClInclude>
    <ClInclude Include="Sprite.h">
      <Filter>Header Files\Utils</Filter>
    </ClInclude>
    <ClInclude Include="Vector2.h">
      <Filter>Header Files\Utils</Filter>
    </ClInclude>
    <ClInclude Include="Resources.h">
      <Filter>Header Files\Utils</Filter>
    </ClInclude>
    <ClInclude Include="resource.h">
      <Filter>Header Files\Utils</Filter>
    </ClInclude>
    <ClInclude Include="Colors.h">
      <Filter>Header Files</Filter>
    </ClInclude>
  </ItemGroup>
  <ItemGroup>
    <ResourceCompile Include="Chess.rc">
      <Filter>Resource Files</Filter>
    </ResourceCompile>
  </ItemGroup>
  <ItemGroup>
    <Image Include="Sprites\blackBishop.png">
      <Filter>Resource Files</Filter>
    </Image>
    <Image Include="Sprites\blackKing.png">
      <Filter>Resource Files</Filter>
    </Image>
    <Image Include="Sprites\blackKnight.png">
      <Filter>Resource Files</Filter>
    </Image>
    <Image Include="Sprites\blackPawn.png">
      <Filter>Resource Files</Filter>
    </Image>
    <Image Include="Sprites\blackQueen.png">
      <Filter>Resource Files</Filter>
    </Image>
    <Image Include="Sprites\blackRook.png">
      <Filter>Resource Files</Filter>
    </Image>
    <Image Include="Sprites\whiteBishop.png">
      <Filter>Resource Files</Filter>
    </Image>
    <Image Include="Sprites\whiteKing.bmp">
      <Filter>Resource Files</Filter>
    </Image>
    <Image Include="Sprites\whiteKing.png">
      <Filter>Resource Files</Filter>
    </Image>
    <Image Include="Sprites\whiteKnight.png">
      <Filter>Resource Files</Filter>
    </Image>
    <Image Include="Sprites\whitePawn.png">
      <Filter>Resource Files</Filter>
    </Image>
    <Image Include="Sprites\whiteQueen.bmp">
      <Filter>Resource Files</Filter>
    </Image>
    <Image Include="Sprites\whiteQueen.png">
      <Filter>Resource Files</Filter>
    </Image>
    <Image Include="Sprites\whiteRook.png">
      <Filter>Resource Files</Filter>
    </Image>
  </ItemGroup>
</Project>